Microsoft Visual Studio Solution File, Format Version 12.00
# Visual Studio Version 17
VisualStudioVersion = 17.5.2.0
MinimumVisualStudioVersion = 10.0.40219.1
Project("{FAE04EC0-301F-11D3-BF4B-00C04F79EFBC}") = "FinalApi", "FinalApi.csproj", "{53ED6DE0-EA6D-F61D-4A22-054440F56514}"
EndProject
Global
	GlobalSection(SolutionConfigurationPlatforms) = preSolution
		Debug|Any CPU = Debug|Any CPU
		Release|Any CPU = Release|Any CPU
	EndGlobalSection
	GlobalSection(ProjectConfigurationPlatforms) = postSolution
		{53ED6DE0-EA6D-F61D-4A22-054440F56514}.Debug|Any CPU.ActiveCfg = Debug|Any CPU
		{53ED6DE0-EA6D-F61D-4A22-054440F56514}.Debug|Any CPU.Build.0 = Debug|Any CPU
		{53ED6DE0-EA6D-F61D-4A22-054440F56514}.Release|Any CPU.ActiveCfg = Release|Any CPU
		{53ED6DE0-EA6D-F61D-4A22-054440F56514}.Release|Any CPU.Build.0 = Release|Any CPU
	EndGlobalSection
	GlobalSection(SolutionProperties) = preSolution
		HideSolutionNode = FALSE
	EndGlobalSection
	GlobalSection(ExtensibilityGlobals) = postSolution
		SolutionGuid = {570146C1-2BF3-4AD1-9BB2-7F4CF1BFF97A}
	EndGlobalSection
EndGlobal
